
Microsoft Visual Studio Solution File, Format Version 12.00
# Visual Studio Version 17
VisualStudioVersion = 17.0.31903.59
MinimumVisualStudioVersion = 10.0.40219.1
Project("{2150E333-8FDC-42A3-9474-1A3956D46DE8}") = "session_5", "session_5", "{CD4D9403-6761-4335-9365-AF2A0494503A}"
EndProject
Project("{2150E333-8FDC-42A3-9474-1A3956D46DE8}") = "class_exercise_2", "class_exercise_2", "{4662A4EB-3FA9-4678-8BC9-95248FD1CAA8}"
EndProject
Project("{FAE04EC0-301F-11D3-BF4B-00C04F79EFBC}") = "class_exercise_2", "session_5\class_exercise_2\class_exercise_2\class_exercise_2.csproj", "{651C1289-25F1-4C92-86B0-9A123E464ED3}"
EndProject
Global
	GlobalSection(SolutionConfigurationPlatforms) = preSolution
		Debug|Any CPU = Debug|Any CPU
		Release|Any CPU = Release|Any CPU
	EndGlobalSection
	GlobalSection(SolutionProperties) = preSolution
		HideSolutionNode = FALSE
	EndGlobalSection
	GlobalSection(ProjectConfigurationPlatforms) = postSolution
		{651C1289-25F1-4C92-86B0-9A123E464ED3}.Debug|Any CPU.ActiveCfg = Debug|Any CPU
		{651C1289-25F1-4C92-86B0-9A123E464ED3}.Debug|Any CPU.Build.0 = Debug|Any CPU
		{651C1289-25F1-4C92-86B0-9A123E464ED3}.Release|Any CPU.ActiveCfg = Release|Any CPU
		{651C1289-25F1-4C92-86B0-9A123E464ED3}.Release|Any CPU.Build.0 = Release|Any CPU
	EndGlobalSection
	GlobalSection(NestedProjects) = preSolution
		{4662A4EB-3FA9-4678-8BC9-95248FD1CAA8} = {CD4D9403-6761-4335-9365-AF2A0494503A}
		{651C1289-25F1-4C92-86B0-9A123E464ED3} = {4662A4EB-3FA9-4678-8BC9-95248FD1CAA8}
	EndGlobalSection
EndGlobal
